
Microsoft Visual Studio Solution File, Format Version 12.00
# Visual Studio Version 17
VisualStudioVersion = 17.0.31903.59
MinimumVisualStudioVersion = 10.0.40219.1
Project("{2150E333-8FDC-42A3-9474-1A3956D46DE8}") = "OneDArrays", "OneDArrays", "{B79BB9A1-A300-44FD-BD24-641F799177BC}"
EndProject
Project("{2150E333-8FDC-42A3-9474-1A3956D46DE8}") = "BasicApps", "BasicApps", "{C7764A63-72A9-4542-B95D-603E79173C3D}"
EndProject
Global
	GlobalSection(SolutionProperties) = preSolution
		HideSolutionNode = FALSE
	EndGlobalSection
	GlobalSection(ExtensibilityGlobals) = postSolution
		SolutionGuid = {549902B6-FC38-4EAC-B5DB-C7FFD3525504}
	EndGlobalSection
EndGlobal
